Microsoft Visual Studio Solution File, Format Version 12.00
# Visual Studio 2013
Project("{F184B08F-C81C-45F6-A57F-5ABD9991F28F}") = "DropDownButton", "DropDownButton.vbproj", "{C3EF9F91-7147-42DD-BAA0-9D249787ECC6}"
EndProject
Project("{F184B08F-C81C-45F6-A57F-5ABD9991F28F}") = "CustomDropDown", "CustomDropDown\CustomDropDown.vbproj", "{02269B4A-49DB-4093-9E26-31205AB09E0F}"
EndProject
Global
	GlobalSection(SolutionConfigurationPlatforms) = preSolution
		Debug|Any CPU = Debug|Any CPU
		Release|Any CPU = Release|Any CPU
	EndGlobalSection
	GlobalSection(ProjectConfigurationPlatforms) = postSolution
		{C3EF9F91-7147-42DD-BAA0-9D249787ECC6}.Debug|Any CPU.ActiveCfg = Debug|Any CPU
		{C3EF9F91-7147-42DD-BAA0-9D249787ECC6}.Debug|Any CPU.Build.0 = Debug|Any CPU
		{C3EF9F91-7147-42DD-BAA0-9D249787ECC6}.Release|Any CPU.ActiveCfg = Release|Any CPU
		{C3EF9F91-7147-42DD-BAA0-9D249787ECC6}.Release|Any CPU.Build.0 = Release|Any CPU
		{02269B4A-49DB-4093-9E26-31205AB09E0F}.Debug|Any CPU.ActiveCfg = Debug|Any CPU
		{02269B4A-49DB-4093-9E26-31205AB09E0F}.Debug|Any CPU.Build.0 = Debug|Any CPU
		{02269B4A-49DB-4093-9E26-31205AB09E0F}.Release|Any CPU.ActiveCfg = Release|Any CPU
		{02269B4A-49DB-4093-9E26-31205AB09E0F}.Release|Any CPU.Build.0 = Release|Any CPU
	EndGlobalSection
	GlobalSection(SolutionProperties) = preSolution
		HideSolutionNode = FALSE
	EndGlobalSection
EndGlobal
